<?xml version="1.0" encoding="UTF-8"?>
<Scheme
   LastUpgradeVersion = "0730"
   version = "1.3">
   <BuildAction
      parallelizeBuildables = "YES"
      buildImplicitDependencies = "YES">
      <BuildActionEntries>
         <BuildActionEntry
            buildForTesting = "YES"
            buildForRunning = "YES"
            buildForProfiling = "YES"
            buildForArchiving = "YES"
            buildForAnalyzing = "YES">
            <BuildableReference
               BuildableIdentifier = "primary"
               BlueprintIdentifier = "4FDDD70D1CF2A41A00D1F4ED"
               BuildableName = "&#x753b;&#x5f27;&#x7ebf;&#x8fdb;&#x5ea6;&#xff08;&#x8d1d;&#x585e;&#x5c14;&#x66f2;&#x7ebf;&#xff09;.app"
               BlueprintName = "&#x753b;&#x5f27;&#x7ebf;&#x8fdb;&#x5ea6;&#xff08;&#x8d1d;&#x585e;&#x5c14;&#x66f2;&#x7ebf;&#xff09;"
               ReferencedContainer = "container:&#x753b;&#x5f27;&#x7ebf;&#x8fdb;&#x5ea6;&#xff08;&#x8d1d;&#x585e;&#x5c14;&#x66f2;&#x7ebf;&#xff09;.xcodeproj">
            </BuildableReference>
         </BuildActionEntry>
      </BuildActionEntries>
   </BuildAction>
   <TestAction
      buildConfiguration = "Debug"
      selectedDebuggerIdentifier = "Xcode.DebuggerFoundation.Debugger.LLDB"
      selectedLauncherIdentifier = "Xcode.DebuggerFoundation.Launcher.LLDB"
      shouldUseLaunchSchemeArgsEnv = "YES">
      <Testables>
         <TestableReference
            skipped = "NO">
            <BuildableReference
               BuildableIdentifier = "primary"
               BlueprintIdentifier = "4FDDD7261CF2A41A00D1F4ED"
               BuildableName = "&#x753b;&#x5f27;&#x7ebf;&#x8fdb;&#x5ea6;&#xff08;&#x8d1d;&#x585e;&#x5c14;&#x66f2;&#x7ebf;&#xff09;Tests.xctest"
               BlueprintName = "&#x753b;&#x5f27;&#x7ebf;&#x8fdb;&#x5ea6;&#xff08;&#x8d1d;&#x585e;&#x5c14;&#x66f2;&#x7ebf;&#xff09;Tests"
               ReferencedContainer = "container:&#x753b;&#x5f27;&#x7ebf;&#x8fdb;&#x5ea6;&#xff08;&#x8d1d;&#x585e;&#x5c14;&#x66f2;&#x7ebf;&#xff09;.xcodeproj">
            </BuildableReference>
         </TestableReference>
         <TestableReference
            skipped = "NO">
            <BuildableReference
               BuildableIdentifier = "primary"
               BlueprintIdentifier = "4FDDD7311CF2A41A00D1F4ED"
               BuildableName = "&#x753b;&#x5f27;&#x7ebf;&#x8fdb;&#x5ea6;&#xff08;&#x8d1d;&#x585e;&#x5c14;&#x66f2;&#x7ebf;&#xff09;UITests.xctest"
               BlueprintName = "&#x753b;&#x5f27;&#x7ebf;&#x8fdb;&#x5ea6;&#xff08;&#x8d1d;&#x585e;&#x5c14;&#x66f2;&#x7ebf;&#xff09;UITests"
               ReferencedContainer = "container:&#x753b;&#x5f27;&#x7ebf;&#x8fdb;&#x5ea6;&#xff08;&#x8d1d;&#x585e;&#x5c14;&#x66f2;&#x7ebf;&#xff09;.xcodeproj">
            </BuildableReference>
         </TestableReference>
      </Testables>
      <MacroExpansion>
         <BuildableReference
            BuildableIdentifier = "primary"
            BlueprintIdentifier = "4FDDD70D1CF2A41A00D1F4ED"
            BuildableName = "&#x753b;&#x5f27;&#x7ebf;&#x8fdb;&#x5ea6;&#xff08;&#x8d1d;&#x585e;&#x5c14;&#x66f2;&#x7ebf;&#xff09;.app"
            BlueprintName = "&#x753b;&#x5f27;&#x7ebf;&#x8fdb;&#x5ea6;&#xff08;&#x8d1d;&#x585e;&#x5c14;&#x66f2;&#x7ebf;&#xff09;"
            ReferencedContainer = "container:&#x753b;&#x5f27;&#x7ebf;&#x8fdb;&#x5ea6;&#xff08;&#x8d1d;&#x585e;&#x5c14;&#x66f2;&#x7ebf;&#xff09;.xcodeproj">
         </BuildableReference>
      </MacroExpansion>
      <AdditionalOptions>
      </AdditionalOptions>
   </TestAction>
   <LaunchAction
      buildConfiguration = "Debug"
      selectedDebuggerIdentifier = "Xcode.DebuggerFoundation.Debugger.LLDB"
      selectedLauncherIdentifier = "Xcode.DebuggerFoundation.Launcher.LLDB"
      launchStyle = "0"
      useCustomWorkingDirectory = "NO"
      ignoresPersistentStateOnLaunch = "NO"
      debugDocumentVersioning = "YES"
      debugServiceExtension = "internal"
      allowLocationSimulation = "YES">
      <BuildableProductRunnable
         runnableDebuggingMode = "0">
         <BuildableReference
            BuildableIdentifier = "primary"
            BlueprintIdentifier = "4FDDD70D1CF2A41A00D1F4ED"
            BuildableName = "&#x753b;&#x5f27;&#x7ebf;&#x8fdb;&#x5ea6;&#xff08;&#x8d1d;&#x585e;&#x5c14;&#x66f2;&#x7ebf;&#xff09;.app"
            BlueprintName = "&#x753b;&#x5f27;&#x7ebf;&#x8fdb;&#x5ea6;&#xff08;&#x8d1d;&#x585e;&#x5c14;&#x66f2;&#x7ebf;&#xff09;"
            ReferencedContainer = "container:&#x753b;&#x5f27;&#x7ebf;&#x8fdb;&#x5ea6;&#xff08;&#x8d1d;&#x585e;&#x5c14;&#x66f2;&#x7ebf;&#xff09;.xcodeproj">
         </BuildableReference>
      </BuildableProductRunnable>
      <AdditionalOptions>
      </AdditionalOptions>
   </LaunchAction>
   <ProfileAction
      buildConfiguration = "Release"
      shouldUseLaunchSchemeArgsEnv = "YES"
      savedToolIdentifier = ""
      useCustomWorkingDirectory = "NO"
      debugDocumentVersioning = "YES">
      <BuildableProductRunnable
         runnableDebuggingMode = "0">
         <BuildableReference
            BuildableIdentifier = "primary"
            BlueprintIdentifier = "4FDDD70D1CF2A41A00D1F4ED"
            BuildableName = "&#x753b;&#x5f27;&#x7ebf;&#x8fdb;&#x5ea6;&#xff08;&#x8d1d;&#x585e;&#x5c14;&#x66f2;&#x7ebf;&#xff09;.app"
            BlueprintName = "&#x753b;&#x5f27;&#x7ebf;&#x8fdb;&#x5ea6;&#xff08;&#x8d1d;&#x585e;&#x5c14;&#x66f2;&#x7ebf;&#xff09;"
            ReferencedContainer = "container:&#x753b;&#x5f27;&#x7ebf;&#x8fdb;&#x5ea6;&#xff08;&#x8d1d;&#x585e;&#x5c14;&#x66f2;&#x7ebf;&#xff09;.xcodeproj">
         </BuildableReference>
      </BuildableProductRunnable>
   </ProfileAction>
   <AnalyzeAction
      buildConfiguration = "Debug">
   </AnalyzeAction>
   <ArchiveAction
      buildConfiguration = "Release"
      revealArchiveInOrganizer = "YES">
   </ArchiveAction>
</Scheme>
